
Microsoft Visual Studio Solution File, Format Version 12.00
# Visual Studio Version 16
VisualStudioVersion = 16.0.29418.71
MinimumVisualStudioVersion = 10.0.40219.1
Project("{FAE04EC0-301F-11D3-BF4B-00C04F79EFBC}") = "Exam.First", "src\Exam.First\Exam.First.csproj", "{4CDC70F4-4DCA-4A5F-81A5-A6F5448D99C2}"
EndProject
Project("{FAE04EC0-301F-11D3-BF4B-00C04F79EFBC}") = "Exam.Second", "src\Exam.Second\Exam.Second.csproj", "{A36751A5-3DDF-41C4-BAAF-13007DD11877}"
EndProject
Global
	GlobalSection(SolutionConfigurationPlatforms) = preSolution
		Debug|Any CPU = Debug|Any CPU
		Release|Any CPU = Release|Any CPU
	EndGlobalSection
	GlobalSection(ProjectConfigurationPlatforms) = postSolution
		{4CDC70F4-4DCA-4A5F-81A5-A6F5448D99C2}.Debug|Any CPU.ActiveCfg = Debug|Any CPU
		{4CDC70F4-4DCA-4A5F-81A5-A6F5448D99C2}.Debug|Any CPU.Build.0 = Debug|Any CPU
		{4CDC70F4-4DCA-4A5F-81A5-A6F5448D99C2}.Release|Any CPU.ActiveCfg = Release|Any CPU
		{4CDC70F4-4DCA-4A5F-81A5-A6F5448D99C2}.Release|Any CPU.Build.0 = Release|Any CPU
		{A36751A5-3DDF-41C4-BAAF-13007DD11877}.Debug|Any CPU.ActiveCfg = Debug|Any CPU
		{A36751A5-3DDF-41C4-BAAF-13007DD11877}.Debug|Any CPU.Build.0 = Debug|Any CPU
		{A36751A5-3DDF-41C4-BAAF-13007DD11877}.Release|Any CPU.ActiveCfg = Release|Any CPU
		{A36751A5-3DDF-41C4-BAAF-13007DD11877}.Release|Any CPU.Build.0 = Release|Any CPU
	EndGlobalSection
	GlobalSection(SolutionProperties) = preSolution
		HideSolutionNode = FALSE
	EndGlobalSection
	GlobalSection(ExtensibilityGlobals) = postSolution
		SolutionGuid = {E2BD457D-3A51-4365-A9D0-8B65AF1308F4}
	EndGlobalSection
EndGlobal
